PODS:
  - ALComponentManager (0.1.0)

DEPENDENCIES:
  - ALComponentManager (from `../`)

EXTERNAL SOURCES:
  ALComponentManager:
    :path: "../"

SPEC CHECKSUMS:
  ALComponentManager: 761f8085b2b76a9368e1bedad4adbe30dbca6aaf

PODFILE CHECKSUM: 6c0b9901b0f5dde5b4b119531d6f3a18bc681586

COCOAPODS: 1.10.1
